
Microsoft Visual Studio Solution File, Format Version 12.00
# Visual Studio 15
VisualStudioVersion = 15.0.28307.168
MinimumVisualStudioVersion = 10.0.40219.1
Project("{FAE04EC0-301F-11D3-BF4B-00C04F79EFBC}") = "WevoMVC", "WevoMVC\WevoMVC.csproj", "{55D97D9C-EB65-46FB-B3CC-CF246CDD5A03}"
EndProject
Global
	GlobalSection(SolutionConfigurationPlatforms) = preSolution
		Debug|Any CPU = Debug|Any CPU
		Release|Any CPU = Release|Any CPU
	EndGlobalSection
	GlobalSection(ProjectConfigurationPlatforms) = postSolution
		{55D97D9C-EB65-46FB-B3CC-CF246CDD5A03}.Debug|Any CPU.ActiveCfg = Debug|Any CPU
		{55D97D9C-EB65-46FB-B3CC-CF246CDD5A03}.Debug|Any CPU.Build.0 = Debug|Any CPU
		{55D97D9C-EB65-46FB-B3CC-CF246CDD5A03}.Release|Any CPU.ActiveCfg = Release|Any CPU
		{55D97D9C-EB65-46FB-B3CC-CF246CDD5A03}.Release|Any CPU.Build.0 = Release|Any CPU
	EndGlobalSection
	GlobalSection(SolutionProperties) = preSolution
		HideSolutionNode = FALSE
	EndGlobalSection
	GlobalSection(ExtensibilityGlobals) = postSolution
		SolutionGuid = {72096F6C-C608-4ACC-9558-E155B4A21F70}
	EndGlobalSection
EndGlobal
